// !$*UTF8*$!
{
	archiveVersion = 1;
	classes = {
	};
	objectVersion = 56;
	objects = {

/* Begin PBXBuildFile section */
		6F355096298D39EA002B5EC8 /* ConversionRate.swift in Sources */ = {isa = PBXBuildFile; fileRef = 6F355095298D39EA002B5EC8 /* ConversionRate.swift */; };
		6F355099298D3AB2002B5EC8 /* ProductListViewModel.swift in Sources */ = {isa = PBXBuildFile; fileRef = 6F355098298D3AB2002B5EC8 /* ProductListViewModel.swift */; };
		6F35509B298D46A8002B5EC8 /* Product.swift in Sources */ = {isa = PBXBuildFile; fileRef = 6F35509A298D46A8002B5EC8 /* Product.swift */; };
		6F35509D298D51E2002B5EC8 /* ProductDetailView.swift in Sources */ = {isa = PBXBuildFile; fileRef = 6F35509C298D51E2002B5EC8 /* ProductDetailView.swift */; };
		6F35509F298D59BD002B5EC8 /* ProductDetailViewModel.swift in Sources */ = {isa = PBXBuildFile; fileRef = 6F35509E298D59BD002B5EC8 /* ProductDetailViewModel.swift */; };
		6F9504F629894FC200B4F6DB /* GNBProductsApp.swift in Sources */ = {isa = PBXBuildFile; fileRef = 6F9504F529894FC200B4F6DB /* GNBProductsApp.swift */; };
		6F9504F829894FC200B4F6DB /* ProductListView.swift in Sources */ = {isa = PBXBuildFile; fileRef = 6F9504F729894FC200B4F6DB /* ProductListView.swift */; };
		6F9504FA29894FC400B4F6DB /* Assets.xcassets in Resources */ = {isa = PBXBuildFile; fileRef = 6F9504F929894FC400B4F6DB /* Assets.xcassets */; };
		6F9504FD29894FC400B4F6DB /* Preview Assets.xcassets in Resources */ = {isa = PBXBuildFile; fileRef = 6F9504FC29894FC400B4F6DB /* Preview Assets.xcassets */; };
		6F9505082989553C00B4F6DB /* ConversionService.swift in Sources */ = {isa = PBXBuildFile; fileRef = 6F9505072989553C00B4F6DB /* ConversionService.swift */; };
		6F95050A2989592100B4F6DB /* TransactionsWS.swift in Sources */ = {isa = PBXBuildFile; fileRef = 6F9505092989592100B4F6DB /* TransactionsWS.swift */; };
		6F95050C29895B4A00B4F6DB /* TransactionService.swift in Sources */ = {isa = PBXBuildFile; fileRef = 6F95050B29895B4A00B4F6DB /* TransactionService.swift */; };
		6F95050E29895C2F00B4F6DB /* URLConstants.swift in Sources */ = {isa = PBXBuildFile; fileRef = 6F95050D29895C2F00B4F6DB /* URLConstants.swift */; };
		6F9505102989653B00B4F6DB /* Transaction.swift in Sources */ = {isa = PBXBuildFile; fileRef = 6F95050F2989653B00B4F6DB /* Transaction.swift */; };
/* End PBXBuildFile section */

/* Begin PBXFileReference section */
		6F355095298D39EA002B5EC8 /* ConversionRate.swift */ = {isa = PBXFileReference; lastKnownFileType = sourcecode.swift; path = ConversionRate.swift; sourceTree = "<group>"; };
		6F355098298D3AB2002B5EC8 /* ProductListViewModel.swift */ = {isa = PBXFileReference; lastKnownFileType = sourcecode.swift; path = ProductListViewModel.swift; sourceTree = "<group>"; };
		6F35509A298D46A8002B5EC8 /* Product.swift */ = {isa = PBXFileReference; lastKnownFileType = sourcecode.swift; path = Product.swift; sourceTree = "<group>"; };
		6F35509C298D51E2002B5EC8 /* ProductDetailView.swift */ = {isa = PBXFileReference; lastKnownFileType = sourcecode.swift; path = ProductDetailView.swift; sourceTree = "<group>"; };
		6F35509E298D59BD002B5EC8 /* ProductDetailViewModel.swift */ = {isa = PBXFileReference; lastKnownFileType = sourcecode.swift; path = ProductDetailViewModel.swift; sourceTree = "<group>"; };
		6F9504F229894FC200B4F6DB /* GNBProducts.app */ = {isa = PBXFileReference; explicitFileType = wrapper.application; includeInIndex = 0; path = GNBProducts.app; sourceTree = BUILT_PRODUCTS_DIR; };
		6F9504F529894FC200B4F6DB /* GNBProductsApp.swift */ = {isa = PBXFileReference; lastKnownFileType = sourcecode.swift; path = GNBProductsApp.swift; sourceTree = "<group>"; };
		6F9504F729894FC200B4F6DB /* ProductListView.swift */ = {isa = PBXFileReference; lastKnownFileType = sourcecode.swift; path = ProductListView.swift; sourceTree = "<group>"; };
		6F9504F929894FC400B4F6DB /* Assets.xcassets */ = {isa = PBXFileReference; lastKnownFileType = folder.assetcatalog; path = Assets.xcassets; sourceTree = "<group>"; };
		6F9504FC29894FC400B4F6DB /* Preview Assets.xcassets */ = {isa = PBXFileReference; lastKnownFileType = folder.assetcatalog; path = "Preview Assets.xcassets"; sourceTree = "<group>"; };
		6F9505072989553C00B4F6DB /* ConversionService.swift */ = {isa = PBXFileReference; lastKnownFileType = sourcecode.swift; path = ConversionService.swift; sourceTree = "<group>"; };
		6F9505092989592100B4F6DB /* TransactionsWS.swift */ = {isa = PBXFileReference; lastKnownFileType = sourcecode.swift; path = TransactionsWS.swift; sourceTree = "<group>"; };
		6F95050B29895B4A00B4F6DB /* TransactionService.swift */ = {isa = PBXFileReference; lastKnownFileType = sourcecode.swift; path = TransactionService.swift; sourceTree = "<group>"; };
		6F95050D29895C2F00B4F6DB /* URLConstants.swift */ = {isa = PBXFileReference; lastKnownFileType = sourcecode.swift; path = URLConstants.swift; sourceTree = "<group>"; };
		6F95050F2989653B00B4F6DB /* Transaction.swift */ = {isa = PBXFileReference; lastKnownFileType = sourcecode.swift; path = Transaction.swift; sourceTree = "<group>"; };
/* End PBXFileReference section */

/* Begin PBXFrameworksBuildPhase section */
		6F9504EF29894FC200B4F6DB /* Frameworks */ = {
			isa = PBXFrameworksBuildPhase;
			buildActionMask = 2147483647;
			files = (
			);
			runOnlyForDeploymentPostprocessing = 0;
		};
/* End PBXFrameworksBuildPhase section */

/* Begin PBXGroup section */
		6F355097298D3A90002B5EC8 /* ViewModel */ = {
			isa = PBXGroup;
			children = (
				6F355098298D3AB2002B5EC8 /* ProductListViewModel.swift */,
				6F35509E298D59BD002B5EC8 /* ProductDetailViewModel.swift */,
			);
			path = ViewModel;
			sourceTree = "<group>";
		};
		6F9504E929894FC200B4F6DB = {
			isa = PBXGroup;
			children = (
				6F9504F429894FC200B4F6DB /* GNBProducts */,
				6F9504F329894FC200B4F6DB /* Products */,
			);
			sourceTree = "<group>";
		};
		6F9504F329894FC200B4F6DB /* Products */ = {
			isa = PBXGroup;
			children = (
				6F9504F229894FC200B4F6DB /* GNBProducts.app */,
			);
			name = Products;
			sourceTree = "<group>";
		};
		6F9504F429894FC200B4F6DB /* GNBProducts */ = {
			isa = PBXGroup;
			children = (
				6F95050329894FCF00B4F6DB /* View */,
				6F355097298D3A90002B5EC8 /* ViewModel */,
				6F95050429894FE300B4F6DB /* Service */,
				6F9505052989500500B4F6DB /* Model */,
				6F9505062989501B00B4F6DB /* Network */,
				6F9504F529894FC200B4F6DB /* GNBProductsApp.swift */,
				6F9504F929894FC400B4F6DB /* Assets.xcassets */,
				6F9504FB29894FC400B4F6DB /* Preview Content */,
			);
			path = GNBProducts;
			sourceTree = "<group>";
		};
		6F9504FB29894FC400B4F6DB /* Preview Content */ = {
			isa = PBXGroup;
			children = (
				6F9504FC29894FC400B4F6DB /* Preview Assets.xcassets */,
			);
			path = "Preview Content";
			sourceTree = "<group>";
		};
		6F95050329894FCF00B4F6DB /* View */ = {
			isa = PBXGroup;
			children = (
				6F9504F729894FC200B4F6DB /* ProductListView.swift */,
				6F35509C298D51E2002B5EC8 /* ProductDetailView.swift */,
			);
			path = View;
			sourceTree = "<group>";
		};
		6F95050429894FE300B4F6DB /* Service */ = {
			isa = PBXGroup;
			children = (
				6F9505072989553C00B4F6DB /* ConversionService.swift */,
				6F95050B29895B4A00B4F6DB /* TransactionService.swift */,
			);
			path = Service;
			sourceTree = "<group>";
		};
		6F9505052989500500B4F6DB /* Model */ = {
			isa = PBXGroup;
			children = (
				6F35509A298D46A8002B5EC8 /* Product.swift */,
				6F95050F2989653B00B4F6DB /* Transaction.swift */,
				6F355095298D39EA002B5EC8 /* ConversionRate.swift */,
			);
			path = Model;
			sourceTree = "<group>";
		};
		6F9505062989501B00B4F6DB /* Network */ = {
			isa = PBXGroup;
			children = (
				6F9505092989592100B4F6DB /* TransactionsWS.swift */,
				6F95050D29895C2F00B4F6DB /* URLConstants.swift */,
			);
			path = Network;
			sourceTree = "<group>";
		};
/* End PBXGroup section */

/* Begin PBXNativeTarget section */
		6F9504F129894FC200B4F6DB /* GNBProducts */ = {
			isa = PBXNativeTarget;
			buildConfigurationList = 6F95050029894FC400B4F6DB /* Build configuration list for PBXNativeTarget "GNBProducts" */;
			buildPhases = (
				6F9504EE29894FC200B4F6DB /* Sources */,
				6F9504EF29894FC200B4F6DB /* Frameworks */,
				6F9504F029894FC200B4F6DB /* Resources */,
			);
			buildRules = (
			);
			dependencies = (
			);
			name = GNBProducts;
			productName = GNBProducts;
			productReference = 6F9504F229894FC200B4F6DB /* GNBProducts.app */;
			productType = "com.apple.product-type.application";
		};
/* End PBXNativeTarget section */

/* Begin PBXProject section */
		6F9504EA29894FC200B4F6DB /* Project object */ = {
			isa = PBXProject;
			attributes = {
				BuildIndependentTargetsInParallel = 1;
				LastSwiftUpdateCheck = 1420;
				LastUpgradeCheck = 1420;
				TargetAttributes = {
					6F9504F129894FC200B4F6DB = {
						CreatedOnToolsVersion = 14.2;
					};
				};
			};
			buildConfigurationList = 6F9504ED29894FC200B4F6DB /* Build configuration list for PBXProject "GNBProducts" */;
			compatibilityVersion = "Xcode 14.0";
			developmentRegion = en;
			hasScannedForEncodings = 0;
			knownRegions = (
				en,
				Base,
			);
			mainGroup = 6F9504E929894FC200B4F6DB;
			productRefGroup = 6F9504F329894FC200B4F6DB /* Products */;
			projectDirPath = "";
			projectRoot = "";
			targets = (
				6F9504F129894FC200B4F6DB /* GNBProducts */,
			);
		};
/* End PBXProject section */

/* Begin PBXResourcesBuildPhase section */
		6F9504F029894FC200B4F6DB /* Resources */ = {
			isa = PBXResourcesBuildPhase;
			buildActionMask = 2147483647;
			files = (
				6F9504FD29894FC400B4F6DB /* Preview Assets.xcassets in Resources */,
				6F9504FA29894FC400B4F6DB /* Assets.xcassets in Resources */,
			);
			runOnlyForDeploymentPostprocessing = 0;
		};
/* End PBXResourcesBuildPhase section */

/* Begin PBXSourcesBuildPhase section */
		6F9504EE29894FC200B4F6DB /* Sources */ = {
			isa = PBXSourcesBuildPhase;
			buildActionMask = 2147483647;
			files = (
				6F9505082989553C00B4F6DB /* ConversionService.swift in Sources */,
				6F9504F829894FC200B4F6DB /* ProductListView.swift in Sources */,
				6F35509D298D51E2002B5EC8 /* ProductDetailView.swift in Sources */,
				6F95050A2989592100B4F6DB /* TransactionsWS.swift in Sources */,
				6F95050E29895C2F00B4F6DB /* URLConstants.swift in Sources */,
				6F9505102989653B00B4F6DB /* Transaction.swift in Sources */,
				6F355099298D3AB2002B5EC8 /* ProductListViewModel.swift in Sources */,
				6F95050C29895B4A00B4F6DB /* TransactionService.swift in Sources */,
				6F35509B298D46A8002B5EC8 /* Product.swift in Sources */,
				6F9504F629894FC200B4F6DB /* GNBProductsApp.swift in Sources */,
				6F355096298D39EA002B5EC8 /* ConversionRate.swift in Sources */,
				6F35509F298D59BD002B5EC8 /* ProductDetailViewModel.swift in Sources */,
			);
			runOnlyForDeploymentPostprocessing = 0;
		};
/* End PBXSourcesBuildPhase section */

/* Begin XCBuildConfiguration section */
		6F9504FE29894FC400B4F6DB /* Debug */ = {
			isa = XCBuildConfiguration;
			buildSettings = {
				ALWAYS_SEARCH_USER_PATHS = NO;
				CLANG_ANALYZER_NONNULL = YES;
				CLANG_ANALYZER_NUMBER_OBJECT_CONVERSION = YES_AGGRESSIVE;
				CLANG_CXX_LANGUAGE_STANDARD = "gnu++20";
				CLANG_ENABLE_MODULES = YES;
				CLANG_ENABLE_OBJC_ARC = YES;
				CLANG_ENABLE_OBJC_WEAK = YES;
				CLANG_WARN_BLOCK_CAPTURE_AUTORELEASING = YES;
				CLANG_WARN_BOOL_CONVERSION = YES;
				CLANG_WARN_COMMA = YES;
				CLANG_WARN_CONSTANT_CONVERSION = YES;
				CLANG_WARN_DEPRECATED_OBJC_IMPLEMENTATIONS = YES;
				CLANG_WARN_DIRECT_OBJC_ISA_USAGE = YES_ERROR;
				CLANG_WARN_DOCUMENTATION_COMMENTS = YES;
				CLANG_WARN_EMPTY_BODY = YES;
				CLANG_WARN_ENUM_CONVERSION = YES;
				CLANG_WARN_INFINITE_RECURSION = YES;
				CLANG_WARN_INT_CONVERSION = YES;
				CLANG_WARN_NON_LITERAL_NULL_CONVERSION = YES;
				CLANG_WARN_OBJC_IMPLICIT_RETAIN_SELF = YES;
				CLANG_WARN_OBJC_LITERAL_CONVERSION = YES;
				CLANG_WARN_OBJC_ROOT_CLASS = YES_ERROR;
				CLANG_WARN_QUOTED_INCLUDE_IN_FRAMEWORK_HEADER = YES;
				CLANG_WARN_RANGE_LOOP_ANALYSIS = YES;
				CLANG_WARN_STRICT_PROTOTYPES = YES;
				CLANG_WARN_SUSPICIOUS_MOVE = YES;
				CLANG_WARN_UNGUARDED_AVAILABILITY = YES_AGGRESSIVE;
				CLANG_WARN_UNREACHABLE_CODE = YES;
				CLANG_WARN__DUPLICATE_METHOD_MATCH = YES;
				COPY_PHASE_STRIP = NO;
				DEBUG_INFORMATION_FORMAT = dwarf;
				ENABLE_STRICT_OBJC_MSGSEND = YES;
				ENABLE_TESTABILITY = YES;
				GCC_C_LANGUAGE_STANDARD = gnu11;
				GCC_DYNAMIC_NO_PIC = NO;
				GCC_NO_COMMON_BLOCKS = YES;
				GCC_OPTIMIZATION_LEVEL = 0;
				GCC_PREPROCESSOR_DEFINITIONS = (
					"DEBUG=1",
					"$(inherited)",
				);
				GCC_WARN_64_TO_32_BIT_CONVERSION = YES;
				GCC_WARN_ABOUT_RETURN_TYPE = YES_ERROR;
				GCC_WARN_UNDECLARED_SELECTOR = YES;
				GCC_WARN_UNINITIALIZED_AUTOS = YES_AGGRESSIVE;
				GCC_WARN_UNUSED_FUNCTION = YES;
				GCC_WARN_UNUSED_VARIABLE = YES;
				IPHONEOS_DEPLOYMENT_TARGET = 16.2;
				MTL_ENABLE_DEBUG_INFO = INCLUDE_SOURCE;
				MTL_FAST_MATH = YES;
				ONLY_ACTIVE_ARCH = YES;
				SDKROOT = iphoneos;
				SWIFT_ACTIVE_COMPILATION_CONDITIONS = DEBUG;
				SWIFT_OPTIMIZATION_LEVEL = "-Onone";
			};
			name = Debug;
		};
		6F9504FF29894FC400B4F6DB /* Release */ = {
			isa = XCBuildConfiguration;
			buildSettings = {
				ALWAYS_SEARCH_USER_PATHS = NO;
				CLANG_ANALYZER_NONNULL = YES;
				CLANG_ANALYZER_NUMBER_OBJECT_CONVERSION = YES_AGGRESSIVE;
				CLANG_CXX_LANGUAGE_STANDARD = "gnu++20";
				CLANG_ENABLE_MODULES = YES;
				CLANG_ENABLE_OBJC_ARC = YES;
				CLANG_ENABLE_OBJC_WEAK = YES;
				CLANG_WARN_BLOCK_CAPTURE_AUTORELEASING = YES;
				CLANG_WARN_BOOL_CONVERSION = YES;
				CLANG_WARN_COMMA = YES;
				CLANG_WARN_CONSTANT_CONVERSION = YES;
				CLANG_WARN_DEPRECATED_OBJC_IMPLEMENTATIONS = YES;
				CLANG_WARN_DIRECT_OBJC_ISA_USAGE = YES_ERROR;
				CLANG_WARN_DOCUMENTATION_COMMENTS = YES;
				CLANG_WARN_EMPTY_BODY = YES;
				CLANG_WARN_ENUM_CONVERSION = YES;
				CLANG_WARN_INFINITE_RECURSION = YES;
				CLANG_WARN_INT_CONVERSION = YES;
				CLANG_WARN_NON_LITERAL_NULL_CONVERSION = YES;
				CLANG_WARN_OBJC_IMPLICIT_RETAIN_SELF = YES;
				CLANG_WARN_OBJC_LITERAL_CONVERSION = YES;
				CLANG_WARN_OBJC_ROOT_CLASS = YES_ERROR;
				CLANG_WARN_QUOTED_INCLUDE_IN_FRAMEWORK_HEADER = YES;
				CLANG_WARN_RANGE_LOOP_ANALYSIS = YES;
				CLANG_WARN_STRICT_PROTOTYPES = YES;
				CLANG_WARN_SUSPICIOUS_MOVE = YES;
				CLANG_WARN_UNGUARDED_AVAILABILITY = YES_AGGRESSIVE;
				CLANG_WARN_UNREACHABLE_CODE = YES;
				CLANG_WARN__DUPLICATE_METHOD_MATCH = YES;
				COPY_PHASE_STRIP = NO;
				DEBUG_INFORMATION_FORMAT = "dwarf-with-dsym";
				ENABLE_NS_ASSERTIONS = NO;
				ENABLE_STRICT_OBJC_MSGSEND = YES;
				GCC_C_LANGUAGE_STANDARD = gnu11;
				GCC_NO_COMMON_BLOCKS = YES;
				GCC_WARN_64_TO_32_BIT_CONVERSION = YES;
				GCC_WARN_ABOUT_RETURN_TYPE = YES_ERROR;
				GCC_WARN_UNDECLARED_SELECTOR = YES;
				GCC_WARN_UNINITIALIZED_AUTOS = YES_AGGRESSIVE;
				GCC_WARN_UNUSED_FUNCTION = YES;
				GCC_WARN_UNUSED_VARIABLE = YES;
				IPHONEOS_DEPLOYMENT_TARGET = 16.2;
				MTL_ENABLE_DEBUG_INFO = NO;
				MTL_FAST_MATH = YES;
				SDKROOT = iphoneos;
				SWIFT_COMPILATION_MODE = wholemodule;
				SWIFT_OPTIMIZATION_LEVEL = "-O";
				VALIDATE_PRODUCT = YES;
			};
			name = Release;
		};
		6F95050129894FC400B4F6DB /* Debug */ = {
			isa = XCBuildConfiguration;
			buildSettings = {
				ASSETCATALOG_COMPILER_APPICON_NAME = AppIcon;
				ASSETCATALOG_COMPILER_GLOBAL_ACCENT_COLOR_NAME = AccentColor;
				CODE_SIGN_STYLE = Automatic;
				CURRENT_PROJECT_VERSION = 1;
				DEVELOPMENT_ASSET_PATHS = "\"GNBProducts/Preview Content\"";
				DEVELOPMENT_TEAM = 548ZQR4ZZN;
				ENABLE_PREVIEWS = YES;
				GENERATE_INFOPLIST_FILE = YES;
				INFOPLIST_KEY_UIApplicationSceneManifest_Generation = YES;
				INFOPLIST_KEY_UIApplicationSupportsIndirectInputEvents = YES;
				INFOPLIST_KEY_UILaunchScreen_Generation = YES;
				INFOPLIST_KEY_UISupportedInterfaceOrientations_iPad = "UIInterfaceOrientationPortrait UIInterfaceOrientationPortraitUpsideDown UIInterfaceOrientationLandscapeLeft UIInterfaceOrientationLandscapeRight";
				INFOPLIST_KEY_UISupportedInterfaceOrientations_iPhone = "UIInterfaceOrientationPortrait UIInterfaceOrientationLandscapeLeft UIInterfaceOrientationLandscapeRight";
				LD_RUNPATH_SEARCH_PATHS = (
					"$(inherited)",
					"@executable_path/Frameworks",
				);
				MARKETING_VERSION = 1.0;
				PRODUCT_BUNDLE_IDENTIFIER = dev.lucea.GNBProducts;
				PRODUCT_NAME = "$(TARGET_NAME)";
				SWIFT_EMIT_LOC_STRINGS = YES;
				SWIFT_VERSION = 5.0;
				TARGETED_DEVICE_FAMILY = "1,2";
			};
			name = Debug;
		};
		6F95050229894FC400B4F6DB /* Release */ = {
			isa = XCBuildConfiguration;
			buildSettings = {
				ASSETCATALOG_COMPILER_APPICON_NAME = AppIcon;
				ASSETCATALOG_COMPILER_GLOBAL_ACCENT_COLOR_NAME = AccentColor;
				CODE_SIGN_STYLE = Automatic;
				CURRENT_PROJECT_VERSION = 1;
				DEVELOPMENT_ASSET_PATHS = "\"GNBProducts/Preview Content\"";
				DEVELOPMENT_TEAM = 548ZQR4ZZN;
				ENABLE_PREVIEWS = YES;
				GENERATE_INFOPLIST_FILE = YES;
				INFOPLIST_KEY_UIApplicationSceneManifest_Generation = YES;
				INFOPLIST_KEY_UIApplicationSupportsIndirectInputEvents = YES;
				INFOPLIST_KEY_UILaunchScreen_Generation = YES;
				INFOPLIST_KEY_UISupportedInterfaceOrientations_iPad = "UIInterfaceOrientationPortrait UIInterfaceOrientationPortraitUpsideDown UIInterfaceOrientationLandscapeLeft UIInterfaceOrientationLandscapeRight";
				INFOPLIST_KEY_UISupportedInterfaceOrientations_iPhone = "UIInterfaceOrientationPortrait UIInterfaceOrientationLandscapeLeft UIInterfaceOrientationLandscapeRight";
				LD_RUNPATH_SEARCH_PATHS = (
					"$(inherited)",
					"@executable_path/Frameworks",
				);
				MARKETING_VERSION = 1.0;
				PRODUCT_BUNDLE_IDENTIFIER = dev.lucea.GNBProducts;
				PRODUCT_NAME = "$(TARGET_NAME)";
				SWIFT_EMIT_LOC_STRINGS = YES;
				SWIFT_VERSION = 5.0;
				TARGETED_DEVICE_FAMILY = "1,2";
			};
			name = Release;
		};
/* End XCBuildConfiguration section */

/* Begin XCConfigurationList section */
		6F9504ED29894FC200B4F6DB /* Build configuration list for PBXProject "GNBProducts" */ = {
			isa = XCConfigurationList;
			buildConfigurations = (
				6F9504FE29894FC400B4F6DB /* Debug */,
				6F9504FF29894FC400B4F6DB /* Release */,
			);
			defaultConfigurationIsVisible = 0;
			defaultConfigurationName = Release;
		};
		6F95050029894FC400B4F6DB /* Build configuration list for PBXNativeTarget "GNBProducts" */ = {
			isa = XCConfigurationList;
			buildConfigurations = (
				6F95050129894FC400B4F6DB /* Debug */,
				6F95050229894FC400B4F6DB /* Release */,
			);
			defaultConfigurationIsVisible = 0;
			defaultConfigurationName = Release;
		};
/* End XCConfigurationList section */
	};
	rootObject = 6F9504EA29894FC200B4F6DB /* Project object */;
}
